
Microsoft Visual Studio Solution File, Format Version 12.00
# Visual Studio Version 16
VisualStudioVersion = 16.0.29230.47
MinimumVisualStudioVersion = 10.0.40219.1
Project("{FAE04EC0-301F-11D3-BF4B-00C04F79EFBC}") = "Aplicacion", "Aplicacion\Aplicacion.csproj", "{787AB923-0478-4388-B230-77943B169B34}"
EndProject
Project("{9A19103F-16F7-4668-BE54-9A1E7A4F7556}") = "ListaCompra", "ListaCompra\ListaCompra.csproj", "{351F771B-4FC5-458D-BE92-D62B9C4CF027}"
EndProject
Global
	GlobalSection(SolutionConfigurationPlatforms) = preSolution
		Debug|Any CPU = Debug|Any CPU
		Release|Any CPU = Release|Any CPU
	EndGlobalSection
	GlobalSection(ProjectConfigurationPlatforms) = postSolution
		{787AB923-0478-4388-B230-77943B169B34}.Debug|Any CPU.ActiveCfg = Debug|Any CPU
		{787AB923-0478-4388-B230-77943B169B34}.Debug|Any CPU.Build.0 = Debug|Any CPU
		{787AB923-0478-4388-B230-77943B169B34}.Release|Any CPU.ActiveCfg = Release|Any CPU
		{787AB923-0478-4388-B230-77943B169B34}.Release|Any CPU.Build.0 = Release|Any CPU
		{351F771B-4FC5-458D-BE92-D62B9C4CF027}.Debug|Any CPU.ActiveCfg = Debug|Any CPU
		{351F771B-4FC5-458D-BE92-D62B9C4CF027}.Debug|Any CPU.Build.0 = Debug|Any CPU
		{351F771B-4FC5-458D-BE92-D62B9C4CF027}.Release|Any CPU.ActiveCfg = Release|Any CPU
		{351F771B-4FC5-458D-BE92-D62B9C4CF027}.Release|Any CPU.Build.0 = Release|Any CPU
	EndGlobalSection
	GlobalSection(SolutionProperties) = preSolution
		HideSolutionNode = FALSE
	EndGlobalSection
	GlobalSection(ExtensibilityGlobals) = postSolution
		SolutionGuid = {78271442-353E-4E52-97F3-EEE4D141A081}
	EndGlobalSection
EndGlobal
